version: 1
algorithm: blake3
groups:
  api-docs:
    source:
      src/lib.rs: c5b5181c1fade6c582e2638cd6f9ae70bca0d53dddac68453b7d425398d5149c
    dependents:
      README.md: d946140eba797b1626efa71db5c87ee7a3d8a1749e69c963659baeba9b5a0e97
      www/index.html: 650144f99974576e83a8d5dcfbc85da8a951f724e99b8a508b944db2338b1241
  dev-docs:
    source:
      Justfile: 071a82a79f3cff83e0559c6f1a32fc5184f189374473059e588454971a0d5f54
      flake.nix: a7796d1b64ab0e985d84ed7b32a28f69256a7988ebc6ce2d46924a81cc18ccc6
    dependents:
      AGENTS.md: 4cba735c1ec7a2a92e2e9be653f97b6263c8b90e6766ba2223a326f8b17d498f
      CONTRIBUTING.md: 6b099bfd5c9310c3956949a633c55586e005d1f86528ac4a089f16422b8f8cc9
  release-notes:
    source:
      Cargo.toml: c77d52cb74e90db28a12e26687d5414d3c2ddd72f9221bccfc57d1441bb2d5b3
    dependents:
      CHANGELOG.md: d452519d1ea200e602926439109699a33c2610f13ea2df711b336f915fc21c35
